
Microsoft Visual Studio Solution File, Format Version 12.00
# Visual Studio 15
VisualStudioVersion = 15.0.26403.0
MinimumVisualStudioVersion = 10.0.40219.1
Project("{FAE04EC0-301F-11D3-BF4B-00C04F79EFBC}") = "7.2", "7.2\7.2.csproj", "{FD895476-0E5D-4162-BC97-7825C04FD851}"
EndProject
Project("{FAE04EC0-301F-11D3-BF4B-00C04F79EFBC}") = "7.2Tests", "7.2Tests\7.2Tests.csproj", "{7095F45C-C9D7-4506-A014-4D2E93213F40}"
EndProject
Global
	GlobalSection(SolutionConfigurationPlatforms) = preSolution
		Debug|Any CPU = Debug|Any CPU
		Release|Any CPU = Release|Any CPU
	EndGlobalSection
	GlobalSection(ProjectConfigurationPlatforms) = postSolution
		{FD895476-0E5D-4162-BC97-7825C04FD851}.Debug|Any CPU.ActiveCfg = Debug|Any CPU
		{FD895476-0E5D-4162-BC97-7825C04FD851}.Debug|Any CPU.Build.0 = Debug|Any CPU
		{FD895476-0E5D-4162-BC97-7825C04FD851}.Release|Any CPU.ActiveCfg = Release|Any CPU
		{FD895476-0E5D-4162-BC97-7825C04FD851}.Release|Any CPU.Build.0 = Release|Any CPU
		{7095F45C-C9D7-4506-A014-4D2E93213F40}.Debug|Any CPU.ActiveCfg = Debug|Any CPU
		{7095F45C-C9D7-4506-A014-4D2E93213F40}.Debug|Any CPU.Build.0 = Debug|Any CPU
		{7095F45C-C9D7-4506-A014-4D2E93213F40}.Release|Any CPU.ActiveCfg = Release|Any CPU
		{7095F45C-C9D7-4506-A014-4D2E93213F40}.Release|Any CPU.Build.0 = Release|Any CPU
	EndGlobalSection
	GlobalSection(SolutionProperties) = preSolution
		HideSolutionNode = FALSE
	EndGlobalSection
EndGlobal
